
Microsoft Visual Studio Solution File, Format Version 12.00
# Visual Studio Version 16
VisualStudioVersion = 16.0.29728.190
MinimumVisualStudioVersion = 10.0.40219.1
Project("{FAE04EC0-301F-11D3-BF4B-00C04F79EFBC}") = "SSIM Stabilization GUI", "SSIM Stabilization GUI.csproj", "{B9A3FC96-96DB-4083-931B-8A59BEDD73FF}"
EndProject
Global
	GlobalSection(SolutionConfigurationPlatforms) = preSolution
		Debug|Any CPU = Debug|Any CPU
		Release|Any CPU = Release|Any CPU
	EndGlobalSection
	GlobalSection(ProjectConfigurationPlatforms) = postSolution
		{B9A3FC96-96DB-4083-931B-8A59BEDD73FF}.Debug|Any CPU.ActiveCfg = Debug|Any CPU
		{B9A3FC96-96DB-4083-931B-8A59BEDD73FF}.Debug|Any CPU.Build.0 = Debug|Any CPU
		{B9A3FC96-96DB-4083-931B-8A59BEDD73FF}.Release|Any CPU.ActiveCfg = Release|Any CPU
		{B9A3FC96-96DB-4083-931B-8A59BEDD73FF}.Release|Any CPU.Build.0 = Release|Any CPU
	EndGlobalSection
	GlobalSection(SolutionProperties) = preSolution
		HideSolutionNode = FALSE
	EndGlobalSection
	GlobalSection(ExtensibilityGlobals) = postSolution
		SolutionGuid = {8963837E-C6F8-4F6D-94A1-0563C7AA1333}
	EndGlobalSection
EndGlobal
